
Microsoft Visual Studio Solution File, Format Version 12.00
# Visual Studio 15
VisualStudioVersion = 15.0.28010.2041
MinimumVisualStudioVersion = 10.0.40219.1
Project("{FAE04EC0-301F-11D3-BF4B-00C04F79EFBC}") = "AdventOfCode2018", "AdventOfCode2018\AdventOfCode2018.csproj", "{01509D7C-C1E5-4EF8-9FF8-D407CFE380FC}"
EndProject
Project("{FAE04EC0-301F-11D3-BF4B-00C04F79EFBC}") = "Utils", "Utils\Utils.csproj", "{217221A2-9EFC-4866-A84A-350BBB5F0406}"
EndProject
Project("{2150E333-8FDC-42A3-9474-1A3956D46DE8}") = "Inputs", "Inputs", "{743F4298-DE14-4C4E-A2F1-A40EE797CE0C}"
	ProjectSection(SolutionItems) = preProject
		Inputs\inputDayOne.txt = Inputs\inputDayOne.txt
	EndProjectSection
EndProject
Project("{FAE04EC0-301F-11D3-BF4B-00C04F79EFBC}") = "Solutions", "Solutions\Solutions.csproj", "{8C464790-72F3-460A-B5E8-7DF1912E29C6}"
EndProject
Global
	GlobalSection(SolutionConfigurationPlatforms) = preSolution
		Debug|Any CPU = Debug|Any CPU
		Release|Any CPU = Release|Any CPU
	EndGlobalSection
	GlobalSection(ProjectConfigurationPlatforms) = postSolution
		{01509D7C-C1E5-4EF8-9FF8-D407CFE380FC}.Debug|Any CPU.ActiveCfg = Debug|Any CPU
		{01509D7C-C1E5-4EF8-9FF8-D407CFE380FC}.Debug|Any CPU.Build.0 = Debug|Any CPU
		{01509D7C-C1E5-4EF8-9FF8-D407CFE380FC}.Release|Any CPU.ActiveCfg = Release|Any CPU
		{01509D7C-C1E5-4EF8-9FF8-D407CFE380FC}.Release|Any CPU.Build.0 = Release|Any CPU
		{217221A2-9EFC-4866-A84A-350BBB5F0406}.Debug|Any CPU.ActiveCfg = Debug|Any CPU
		{217221A2-9EFC-4866-A84A-350BBB5F0406}.Debug|Any CPU.Build.0 = Debug|Any CPU
		{217221A2-9EFC-4866-A84A-350BBB5F0406}.Release|Any CPU.ActiveCfg = Release|Any CPU
		{217221A2-9EFC-4866-A84A-350BBB5F0406}.Release|Any CPU.Build.0 = Release|Any CPU
		{8C464790-72F3-460A-B5E8-7DF1912E29C6}.Debug|Any CPU.ActiveCfg = Debug|Any CPU
		{8C464790-72F3-460A-B5E8-7DF1912E29C6}.Debug|Any CPU.Build.0 = Debug|Any CPU
		{8C464790-72F3-460A-B5E8-7DF1912E29C6}.Release|Any CPU.ActiveCfg = Release|Any CPU
		{8C464790-72F3-460A-B5E8-7DF1912E29C6}.Release|Any CPU.Build.0 = Release|Any CPU
	EndGlobalSection
	GlobalSection(SolutionProperties) = preSolution
		HideSolutionNode = FALSE
	EndGlobalSection
	GlobalSection(ExtensibilityGlobals) = postSolution
		SolutionGuid = {440066E1-306C-42C0-96FD-584E0694D7D3}
	EndGlobalSection
EndGlobal
